
Microsoft Visual Studio Solution File, Format Version 12.00
# Visual Studio Version 16
VisualStudioVersion = 16.0.31005.135
MinimumVisualStudioVersion = 10.0.40219.1
Project("{FAE04EC0-301F-11D3-BF4B-00C04F79EFBC}") = "Business", "Business\Business.csproj", "{3FD9387F-4474-47F5-A1DD-1AB226D6D586}"
EndProject
Project("{FAE04EC0-301F-11D3-BF4B-00C04F79EFBC}") = "Entities", "Entities\Entities.csproj", "{44B3D43D-AB4F-44B4-9467-98A6852B27B2}"
EndProject
Project("{FAE04EC0-301F-11D3-BF4B-00C04F79EFBC}") = "Core", "Core\Core.csproj", "{594D674F-DD25-44C2-8240-7E01B918D179}"
EndProject
Project("{FAE04EC0-301F-11D3-BF4B-00C04F79EFBC}") = "DataAccess", "DataAccess\DataAccess.csproj", "{A6EFAD8A-CFEF-4F3D-8EDF-5622FC441D83}"
EndProject
Project("{FAE04EC0-301F-11D3-BF4B-00C04F79EFBC}") = "WebAPI", "WebAPI\WebAPI.csproj", "{C9595276-E586-4C24-BA75-D58F1E68FDFB}"
EndProject
Global
	GlobalSection(SolutionConfigurationPlatforms) = preSolution
		Debug|Any CPU = Debug|Any CPU
		Release|Any CPU = Release|Any CPU
	EndGlobalSection
	GlobalSection(ProjectConfigurationPlatforms) = postSolution
		{3FD9387F-4474-47F5-A1DD-1AB226D6D586}.Debug|Any CPU.ActiveCfg = Debug|Any CPU
		{3FD9387F-4474-47F5-A1DD-1AB226D6D586}.Debug|Any CPU.Build.0 = Debug|Any CPU
		{3FD9387F-4474-47F5-A1DD-1AB226D6D586}.Release|Any CPU.ActiveCfg = Release|Any CPU
		{3FD9387F-4474-47F5-A1DD-1AB226D6D586}.Release|Any CPU.Build.0 = Release|Any CPU
		{44B3D43D-AB4F-44B4-9467-98A6852B27B2}.Debug|Any CPU.ActiveCfg = Debug|Any CPU
		{44B3D43D-AB4F-44B4-9467-98A6852B27B2}.Debug|Any CPU.Build.0 = Debug|Any CPU
		{44B3D43D-AB4F-44B4-9467-98A6852B27B2}.Release|Any CPU.ActiveCfg = Release|Any CPU
		{44B3D43D-AB4F-44B4-9467-98A6852B27B2}.Release|Any CPU.Build.0 = Release|Any CPU
		{594D674F-DD25-44C2-8240-7E01B918D179}.Debug|Any CPU.ActiveCfg = Debug|Any CPU
		{594D674F-DD25-44C2-8240-7E01B918D179}.Debug|Any CPU.Build.0 = Debug|Any CPU
		{594D674F-DD25-44C2-8240-7E01B918D179}.Release|Any CPU.ActiveCfg = Release|Any CPU
		{594D674F-DD25-44C2-8240-7E01B918D179}.Release|Any CPU.Build.0 = Release|Any CPU
		{A6EFAD8A-CFEF-4F3D-8EDF-5622FC441D83}.Debug|Any CPU.ActiveCfg = Debug|Any CPU
		{A6EFAD8A-CFEF-4F3D-8EDF-5622FC441D83}.Debug|Any CPU.Build.0 = Debug|Any CPU
		{A6EFAD8A-CFEF-4F3D-8EDF-5622FC441D83}.Release|Any CPU.ActiveCfg = Release|Any CPU
		{A6EFAD8A-CFEF-4F3D-8EDF-5622FC441D83}.Release|Any CPU.Build.0 = Release|Any CPU
		{C9595276-E586-4C24-BA75-D58F1E68FDFB}.Debug|Any CPU.ActiveCfg = Debug|Any CPU
		{C9595276-E586-4C24-BA75-D58F1E68FDFB}.Debug|Any CPU.Build.0 = Debug|Any CPU
		{C9595276-E586-4C24-BA75-D58F1E68FDFB}.Release|Any CPU.ActiveCfg = Release|Any CPU
		{C9595276-E586-4C24-BA75-D58F1E68FDFB}.Release|Any CPU.Build.0 = Release|Any CPU
	EndGlobalSection
	GlobalSection(SolutionProperties) = preSolution
		HideSolutionNode = FALSE
	EndGlobalSection
	GlobalSection(ExtensibilityGlobals) = postSolution
		SolutionGuid = {133BF6A8-DE63-4122-B431-C5837C37DEE4}
	EndGlobalSection
EndGlobal
